
Microsoft Visual Studio Solution File, Format Version 12.00
# Visual Studio 14
VisualStudioVersion = 14.0.25420.1
MinimumVisualStudioVersion = 10.0.40219.1
Project("{FAE04EC0-301F-11D3-BF4B-00C04F79EFBC}") = "Model", "Model\Model.csproj", "{55FE88C9-EC17-4EF6-B9E3-A67365BA5D6D}"
EndProject
Project("{FAE04EC0-301F-11D3-BF4B-00C04F79EFBC}") = "Api", "Api\Api.csproj", "{3E6B7BD9-6D08-4B41-9B97-A9BCD5353879}"
EndProject
Global
	GlobalSection(SolutionConfigurationPlatforms) = preSolution
		Debug|Any CPU = Debug|Any CPU
		Release|Any CPU = Release|Any CPU
	EndGlobalSection
	GlobalSection(ProjectConfigurationPlatforms) = postSolution
		{55FE88C9-EC17-4EF6-B9E3-A67365BA5D6D}.Debug|Any CPU.ActiveCfg = Debug|Any CPU
		{55FE88C9-EC17-4EF6-B9E3-A67365BA5D6D}.Debug|Any CPU.Build.0 = Debug|Any CPU
		{55FE88C9-EC17-4EF6-B9E3-A67365BA5D6D}.Release|Any CPU.ActiveCfg = Release|Any CPU
		{55FE88C9-EC17-4EF6-B9E3-A67365BA5D6D}.Release|Any CPU.Build.0 = Release|Any CPU
		{3E6B7BD9-6D08-4B41-9B97-A9BCD5353879}.Debug|Any CPU.ActiveCfg = Debug|Any CPU
		{3E6B7BD9-6D08-4B41-9B97-A9BCD5353879}.Debug|Any CPU.Build.0 = Debug|Any CPU
		{3E6B7BD9-6D08-4B41-9B97-A9BCD5353879}.Release|Any CPU.ActiveCfg = Release|Any CPU
		{3E6B7BD9-6D08-4B41-9B97-A9BCD5353879}.Release|Any CPU.Build.0 = Release|Any CPU
	EndGlobalSection
	GlobalSection(SolutionProperties) = preSolution
		HideSolutionNode = FALSE
	EndGlobalSection
EndGlobal
